
Microsoft Visual Studio Solution File, Format Version 12.00
# Visual Studio Version 17
VisualStudioVersion = 17.12.35521.163
MinimumVisualStudioVersion = 10.0.40219.1
Project("{FAE04EC0-301F-11D3-BF4B-00C04F79EFBC}") = "ConsoleApp", "ConsoleApp\ConsoleApp.csproj", "{DEE23A6D-A722-456A-92F0-E08BA65CBB29}"
EndProject
Project("{2150E333-8FDC-42A3-9474-1A3956D46DE8}") = "src", "src", "{4C111E53-2DF1-4275-A1FE-D2129E2E8E62}"
EndProject
Project("{FAE04EC0-301F-11D3-BF4B-00C04F79EFBC}") = "AoC.Day01", "src\AoC.Day01\AoC.Day01.csproj", "{0828624E-588A-4270-8E3E-33D6C3D0FFD0}"
EndProject
Project("{FAE04EC0-301F-11D3-BF4B-00C04F79EFBC}") = "AoC.Day02", "src\AoC.Day02\AoC.Day02.csproj", "{1CA29448-B740-430B-92B6-1834737EAA2D}"
EndProject
Project("{FAE04EC0-301F-11D3-BF4B-00C04F79EFBC}") = "AoC.Day03", "src\AoC.Day03\AoC.Day03.csproj", "{257F0C27-168E-4BA0-9829-53E4C17F7AE5}"
EndProject
Project("{FAE04EC0-301F-11D3-BF4B-00C04F79EFBC}") = "AoC.Day04", "src\AoC.Day04\AoC.Day04.csproj", "{C849C354-F805-4851-9804-D737247748A3}"
EndProject
Project("{FAE04EC0-301F-11D3-BF4B-00C04F79EFBC}") = "AoC.Day05", "src\AoC.Day05\AoC.Day05.csproj", "{7F4EB3E9-A38E-4CC6-AFE8-E4ACEA290068}"
EndProject
Project("{FAE04EC0-301F-11D3-BF4B-00C04F79EFBC}") = "AoC.Day06", "src\AoC.Day06\AoC.Day06.csproj", "{813D640E-9699-4432-AAA2-A6C669C08620}"
EndProject
Project("{FAE04EC0-301F-11D3-BF4B-00C04F79EFBC}") = "AoC.Day07", "src\AoC.Day07\AoC.Day07.csproj", "{7FE43028-A7EB-4B56-A14A-4E037DA6EF1E}"
EndProject
Project("{FAE04EC0-301F-11D3-BF4B-00C04F79EFBC}") = "AoC.Day09", "src\AoC.Day09\AoC.Day09.csproj", "{B2F84BC4-D968-42A9-8475-4215E9B27DF1}"
EndProject
Project("{FAE04EC0-301F-11D3-BF4B-00C04F79EFBC}") = "AoC.Day10", "src\AoC.Day10\AoC.Day10.csproj", "{15E8C856-806C-4C37-9D36-CCFEDBEEA599}"
EndProject
Project("{FAE04EC0-301F-11D3-BF4B-00C04F79EFBC}") = "AoC.Day08", "src\AoC.Day08\AoC.Day08.csproj", "{CCB02238-05C7-4298-A7EF-6B348D15B1F4}"
EndProject
Project("{FAE04EC0-301F-11D3-BF4B-00C04F79EFBC}") = "AoC.Day11", "src\AoC.Day11\AoC.Day11.csproj", "{27B75ED2-7E4D-42CE-9C18-BE6AA8F552EF}"
EndProject
Project("{FAE04EC0-301F-11D3-BF4B-00C04F79EFBC}") = "AoC.Day14", "src\AoC.Day14\AoC.Day14.csproj", "{B1A22593-B1B1-4D77-BB14-D66D4D86D538}"
EndProject
Project("{FAE04EC0-301F-11D3-BF4B-00C04F79EFBC}") = "AoC.Day13", "src\AoC.Day13\AoC.Day13.csproj", "{52561A8A-03D7-47F4-A431-78275F27677A}"
EndProject
Project("{FAE04EC0-301F-11D3-BF4B-00C04F79EFBC}") = "AoC.Day15", "src\AoC.Day15\AoC.Day15.csproj", "{205BBAD8-C649-4178-A3FF-2F61345FA4FD}"
EndProject
Project("{FAE04EC0-301F-11D3-BF4B-00C04F79EFBC}") = "AoC.Day18", "src\AoC.Day18\AoC.Day18.csproj", "{CB7EF784-C915-4CB1-B472-E79CCA7DC918}"
EndProject
Project("{FAE04EC0-301F-11D3-BF4B-00C04F79EFBC}") = "AoC.Day17", "src\AoC.Day17\AoC.Day17.csproj", "{4B0705F4-81A1-423B-BF06-59C5C8654914}"
EndProject
Global
	GlobalSection(SolutionConfigurationPlatforms) = preSolution
		Debug|Any CPU = Debug|Any CPU
		Release|Any CPU = Release|Any CPU
	EndGlobalSection
	GlobalSection(ProjectConfigurationPlatforms) = postSolution
		{DEE23A6D-A722-456A-92F0-E08BA65CBB29}.Debug|Any CPU.ActiveCfg = Debug|Any CPU
		{DEE23A6D-A722-456A-92F0-E08BA65CBB29}.Debug|Any CPU.Build.0 = Debug|Any CPU
		{DEE23A6D-A722-456A-92F0-E08BA65CBB29}.Release|Any CPU.ActiveCfg = Release|Any CPU
		{DEE23A6D-A722-456A-92F0-E08BA65CBB29}.Release|Any CPU.Build.0 = Release|Any CPU
		{0828624E-588A-4270-8E3E-33D6C3D0FFD0}.Debug|Any CPU.ActiveCfg = Debug|Any CPU
		{0828624E-588A-4270-8E3E-33D6C3D0FFD0}.Debug|Any CPU.Build.0 = Debug|Any CPU
		{0828624E-588A-4270-8E3E-33D6C3D0FFD0}.Release|Any CPU.ActiveCfg = Release|Any CPU
		{0828624E-588A-4270-8E3E-33D6C3D0FFD0}.Release|Any CPU.Build.0 = Release|Any CPU
		{1CA29448-B740-430B-92B6-1834737EAA2D}.Debug|Any CPU.ActiveCfg = Debug|Any CPU
		{1CA29448-B740-430B-92B6-1834737EAA2D}.Debug|Any CPU.Build.0 = Debug|Any CPU
		{1CA29448-B740-430B-92B6-1834737EAA2D}.Release|Any CPU.ActiveCfg = Release|Any CPU
		{1CA29448-B740-430B-92B6-1834737EAA2D}.Release|Any CPU.Build.0 = Release|Any CPU
		{257F0C27-168E-4BA0-9829-53E4C17F7AE5}.Debug|Any CPU.ActiveCfg = Debug|Any CPU
		{257F0C27-168E-4BA0-9829-53E4C17F7AE5}.Debug|Any CPU.Build.0 = Debug|Any CPU
		{257F0C27-168E-4BA0-9829-53E4C17F7AE5}.Release|Any CPU.ActiveCfg = Release|Any CPU
		{257F0C27-168E-4BA0-9829-53E4C17F7AE5}.Release|Any CPU.Build.0 = Release|Any CPU
		{C849C354-F805-4851-9804-D737247748A3}.Debug|Any CPU.ActiveCfg = Debug|Any CPU
		{C849C354-F805-4851-9804-D737247748A3}.Debug|Any CPU.Build.0 = Debug|Any CPU
		{C849C354-F805-4851-9804-D737247748A3}.Release|Any CPU.ActiveCfg = Release|Any CPU
		{C849C354-F805-4851-9804-D737247748A3}.Release|Any CPU.Build.0 = Release|Any CPU
		{7F4EB3E9-A38E-4CC6-AFE8-E4ACEA290068}.Debug|Any CPU.ActiveCfg = Debug|Any CPU
		{7F4EB3E9-A38E-4CC6-AFE8-E4ACEA290068}.Debug|Any CPU.Build.0 = Debug|Any CPU
		{7F4EB3E9-A38E-4CC6-AFE8-E4ACEA290068}.Release|Any CPU.ActiveCfg = Release|Any CPU
		{7F4EB3E9-A38E-4CC6-AFE8-E4ACEA290068}.Release|Any CPU.Build.0 = Release|Any CPU
		{813D640E-9699-4432-AAA2-A6C669C08620}.Debug|Any CPU.ActiveCfg = Debug|Any CPU
		{813D640E-9699-4432-AAA2-A6C669C08620}.Debug|Any CPU.Build.0 = Debug|Any CPU
		{813D640E-9699-4432-AAA2-A6C669C08620}.Release|Any CPU.ActiveCfg = Release|Any CPU
		{813D640E-9699-4432-AAA2-A6C669C08620}.Release|Any CPU.Build.0 = Release|Any CPU
		{7FE43028-A7EB-4B56-A14A-4E037DA6EF1E}.Debug|Any CPU.ActiveCfg = Debug|Any CPU
		{7FE43028-A7EB-4B56-A14A-4E037DA6EF1E}.Debug|Any CPU.Build.0 = Debug|Any CPU
		{7FE43028-A7EB-4B56-A14A-4E037DA6EF1E}.Release|Any CPU.ActiveCfg = Release|Any CPU
		{7FE43028-A7EB-4B56-A14A-4E037DA6EF1E}.Release|Any CPU.Build.0 = Release|Any CPU
		{B2F84BC4-D968-42A9-8475-4215E9B27DF1}.Debug|Any CPU.ActiveCfg = Debug|Any CPU
		{B2F84BC4-D968-42A9-8475-4215E9B27DF1}.Debug|Any CPU.Build.0 = Debug|Any CPU
		{B2F84BC4-D968-42A9-8475-4215E9B27DF1}.Release|Any CPU.ActiveCfg = Release|Any CPU
		{B2F84BC4-D968-42A9-8475-4215E9B27DF1}.Release|Any CPU.Build.0 = Release|Any CPU
		{15E8C856-806C-4C37-9D36-CCFEDBEEA599}.Debug|Any CPU.ActiveCfg = Debug|Any CPU
		{15E8C856-806C-4C37-9D36-CCFEDBEEA599}.Debug|Any CPU.Build.0 = Debug|Any CPU
		{15E8C856-806C-4C37-9D36-CCFEDBEEA599}.Release|Any CPU.ActiveCfg = Release|Any CPU
		{15E8C856-806C-4C37-9D36-CCFEDBEEA599}.Release|Any CPU.Build.0 = Release|Any CPU
		{CCB02238-05C7-4298-A7EF-6B348D15B1F4}.Debug|Any CPU.ActiveCfg = Debug|Any CPU
		{CCB02238-05C7-4298-A7EF-6B348D15B1F4}.Debug|Any CPU.Build.0 = Debug|Any CPU
		{CCB02238-05C7-4298-A7EF-6B348D15B1F4}.Release|Any CPU.ActiveCfg = Release|Any CPU
		{CCB02238-05C7-4298-A7EF-6B348D15B1F4}.Release|Any CPU.Build.0 = Release|Any CPU
		{27B75ED2-7E4D-42CE-9C18-BE6AA8F552EF}.Debug|Any CPU.ActiveCfg = Debug|Any CPU
		{27B75ED2-7E4D-42CE-9C18-BE6AA8F552EF}.Debug|Any CPU.Build.0 = Debug|Any CPU
		{27B75ED2-7E4D-42CE-9C18-BE6AA8F552EF}.Release|Any CPU.ActiveCfg = Release|Any CPU
		{27B75ED2-7E4D-42CE-9C18-BE6AA8F552EF}.Release|Any CPU.Build.0 = Release|Any CPU
		{B1A22593-B1B1-4D77-BB14-D66D4D86D538}.Debug|Any CPU.ActiveCfg = Debug|Any CPU
		{B1A22593-B1B1-4D77-BB14-D66D4D86D538}.Debug|Any CPU.Build.0 = Debug|Any CPU
		{B1A22593-B1B1-4D77-BB14-D66D4D86D538}.Release|Any CPU.ActiveCfg = Release|Any CPU
		{B1A22593-B1B1-4D77-BB14-D66D4D86D538}.Release|Any CPU.Build.0 = Release|Any CPU
		{52561A8A-03D7-47F4-A431-78275F27677A}.Debug|Any CPU.ActiveCfg = Debug|Any CPU
		{52561A8A-03D7-47F4-A431-78275F27677A}.Debug|Any CPU.Build.0 = Debug|Any CPU
		{52561A8A-03D7-47F4-A431-78275F27677A}.Release|Any CPU.ActiveCfg = Release|Any CPU
		{52561A8A-03D7-47F4-A431-78275F27677A}.Release|Any CPU.Build.0 = Release|Any CPU
		{205BBAD8-C649-4178-A3FF-2F61345FA4FD}.Debug|Any CPU.ActiveCfg = Debug|Any CPU
		{205BBAD8-C649-4178-A3FF-2F61345FA4FD}.Debug|Any CPU.Build.0 = Debug|Any CPU
		{205BBAD8-C649-4178-A3FF-2F61345FA4FD}.Release|Any CPU.ActiveCfg = Release|Any CPU
		{205BBAD8-C649-4178-A3FF-2F61345FA4FD}.Release|Any CPU.Build.0 = Release|Any CPU
		{CB7EF784-C915-4CB1-B472-E79CCA7DC918}.Debug|Any CPU.ActiveCfg = Debug|Any CPU
		{CB7EF784-C915-4CB1-B472-E79CCA7DC918}.Debug|Any CPU.Build.0 = Debug|Any CPU
		{CB7EF784-C915-4CB1-B472-E79CCA7DC918}.Release|Any CPU.ActiveCfg = Release|Any CPU
		{CB7EF784-C915-4CB1-B472-E79CCA7DC918}.Release|Any CPU.Build.0 = Release|Any CPU
		{4B0705F4-81A1-423B-BF06-59C5C8654914}.Debug|Any CPU.ActiveCfg = Debug|Any CPU
		{4B0705F4-81A1-423B-BF06-59C5C8654914}.Debug|Any CPU.Build.0 = Debug|Any CPU
		{4B0705F4-81A1-423B-BF06-59C5C8654914}.Release|Any CPU.ActiveCfg = Release|Any CPU
		{4B0705F4-81A1-423B-BF06-59C5C8654914}.Release|Any CPU.Build.0 = Release|Any CPU
	EndGlobalSection
	GlobalSection(SolutionProperties) = preSolution
		HideSolutionNode = FALSE
	EndGlobalSection
	GlobalSection(NestedProjects) = preSolution
		{0828624E-588A-4270-8E3E-33D6C3D0FFD0} = {4C111E53-2DF1-4275-A1FE-D2129E2E8E62}
		{1CA29448-B740-430B-92B6-1834737EAA2D} = {4C111E53-2DF1-4275-A1FE-D2129E2E8E62}
		{257F0C27-168E-4BA0-9829-53E4C17F7AE5} = {4C111E53-2DF1-4275-A1FE-D2129E2E8E62}
		{C849C354-F805-4851-9804-D737247748A3} = {4C111E53-2DF1-4275-A1FE-D2129E2E8E62}
		{7F4EB3E9-A38E-4CC6-AFE8-E4ACEA290068} = {4C111E53-2DF1-4275-A1FE-D2129E2E8E62}
		{813D640E-9699-4432-AAA2-A6C669C08620} = {4C111E53-2DF1-4275-A1FE-D2129E2E8E62}
		{7FE43028-A7EB-4B56-A14A-4E037DA6EF1E} = {4C111E53-2DF1-4275-A1FE-D2129E2E8E62}
		{B2F84BC4-D968-42A9-8475-4215E9B27DF1} = {4C111E53-2DF1-4275-A1FE-D2129E2E8E62}
		{15E8C856-806C-4C37-9D36-CCFEDBEEA599} = {4C111E53-2DF1-4275-A1FE-D2129E2E8E62}
		{CCB02238-05C7-4298-A7EF-6B348D15B1F4} = {4C111E53-2DF1-4275-A1FE-D2129E2E8E62}
		{27B75ED2-7E4D-42CE-9C18-BE6AA8F552EF} = {4C111E53-2DF1-4275-A1FE-D2129E2E8E62}
		{B1A22593-B1B1-4D77-BB14-D66D4D86D538} = {4C111E53-2DF1-4275-A1FE-D2129E2E8E62}
		{52561A8A-03D7-47F4-A431-78275F27677A} = {4C111E53-2DF1-4275-A1FE-D2129E2E8E62}
		{205BBAD8-C649-4178-A3FF-2F61345FA4FD} = {4C111E53-2DF1-4275-A1FE-D2129E2E8E62}
		{CB7EF784-C915-4CB1-B472-E79CCA7DC918} = {4C111E53-2DF1-4275-A1FE-D2129E2E8E62}
		{4B0705F4-81A1-423B-BF06-59C5C8654914} = {4C111E53-2DF1-4275-A1FE-D2129E2E8E62}
	EndGlobalSection
EndGlobal
