
Microsoft Visual Studio Solution File, Format Version 12.00
# Visual Studio Version 17
VisualStudioVersion = 17.12.35521.163
MinimumVisualStudioVersion = 10.0.40219.1
Project("{FAE04EC0-301F-11D3-BF4B-00C04F79EFBC}") = "ConsoleApp", "ConsoleApp\ConsoleApp.csproj", "{DEE23A6D-A722-456A-92F0-E08BA65CBB29}"
EndProject
Project("{2150E333-8FDC-42A3-9474-1A3956D46DE8}") = "src", "src", "{4C111E53-2DF1-4275-A1FE-D2129E2E8E62}"
EndProject
Project("{FAE04EC0-301F-11D3-BF4B-00C04F79EFBC}") = "AoC.Day01", "src\AoC.Day01\AoC.Day01.csproj", "{0828624E-588A-4270-8E3E-33D6C3D0FFD0}"
EndProject
Global
	GlobalSection(SolutionConfigurationPlatforms) = preSolution
		Debug|Any CPU = Debug|Any CPU
		Release|Any CPU = Release|Any CPU
	EndGlobalSection
	GlobalSection(ProjectConfigurationPlatforms) = postSolution
		{DEE23A6D-A722-456A-92F0-E08BA65CBB29}.Debug|Any CPU.ActiveCfg = Debug|Any CPU
		{DEE23A6D-A722-456A-92F0-E08BA65CBB29}.Debug|Any CPU.Build.0 = Debug|Any CPU
		{DEE23A6D-A722-456A-92F0-E08BA65CBB29}.Release|Any CPU.ActiveCfg = Release|Any CPU
		{DEE23A6D-A722-456A-92F0-E08BA65CBB29}.Release|Any CPU.Build.0 = Release|Any CPU
		{0828624E-588A-4270-8E3E-33D6C3D0FFD0}.Debug|Any CPU.ActiveCfg = Debug|Any CPU
		{0828624E-588A-4270-8E3E-33D6C3D0FFD0}.Debug|Any CPU.Build.0 = Debug|Any CPU
		{0828624E-588A-4270-8E3E-33D6C3D0FFD0}.Release|Any CPU.ActiveCfg = Release|Any CPU
		{0828624E-588A-4270-8E3E-33D6C3D0FFD0}.Release|Any CPU.Build.0 = Release|Any CPU
	EndGlobalSection
	GlobalSection(SolutionProperties) = preSolution
		HideSolutionNode = FALSE
	EndGlobalSection
	GlobalSection(NestedProjects) = preSolution
		{0828624E-588A-4270-8E3E-33D6C3D0FFD0} = {4C111E53-2DF1-4275-A1FE-D2129E2E8E62}
	EndGlobalSection
EndGlobal
